Microsoft Visual Studio Solution File, Format Version 12.00
# Visual Studio Version 17
VisualStudioVersion = 17.5.2.0
MinimumVisualStudioVersion = 10.0.40219.1
Project("{FAE04EC0-301F-11D3-BF4B-00C04F79EFBC}") = "ARES.Datamodel", "ARES.Datamodel\ARES.Datamodel.csproj", "{1260F6EC-7ED3-5B2A-48D4-6804D7D6CCAE}"
EndProject
Global
	GlobalSection(SolutionConfigurationPlatforms) = preSolution
		Debug|Any CPU = Debug|Any CPU
		Release|Any CPU = Release|Any CPU
	EndGlobalSection
	GlobalSection(ProjectConfigurationPlatforms) = postSolution
		{1260F6EC-7ED3-5B2A-48D4-6804D7D6CCAE}.Debug|Any CPU.ActiveCfg = Debug|Any CPU
		{1260F6EC-7ED3-5B2A-48D4-6804D7D6CCAE}.Debug|Any CPU.Build.0 = Debug|Any CPU
		{1260F6EC-7ED3-5B2A-48D4-6804D7D6CCAE}.Release|Any CPU.ActiveCfg = Release|Any CPU
		{1260F6EC-7ED3-5B2A-48D4-6804D7D6CCAE}.Release|Any CPU.Build.0 = Release|Any CPU
	EndGlobalSection
	GlobalSection(SolutionProperties) = preSolution
		HideSolutionNode = FALSE
	EndGlobalSection
	GlobalSection(ExtensibilityGlobals) = postSolution
		SolutionGuid = {CC5660D3-749C-4DA0-8045-CB797191F082}
	EndGlobalSection
EndGlobal